{
    "_readme": [
        "This file locks the dependencies of your project to a known state",
        "Read more about it at https://getcomposer.org/doc/01-basic-usage.md#composer-lock-the-lock-file",
        "This file is @generated automatically"
    ],
    "hash": "344e7200fbd8269c5e4bffae83cbe7a8",
    "content-hash": "467ac65cc57bff866697408e506ccdc2",
    "packages": [
        {
            "name": "seanmorris/rhino",
            "version": "dev-master",
            "source": {
                "type": "git",
                "url": "/home/sean/packages/SeanMorris/Rhino",
                "reference": "862881f021c39aac6d81b9eb0e2fbd5d51cbf1f8"
            },
            "type": "library",
            "autoload": {
                "psr-4": {
                    "SeanMorris\\Rhino\\Test\\": "test/",
                    "SeanMorris\\Rhino\\": "source/"
                }
            },
            "authors": [
                {
                    "name": "Sean Morris",
                    "email": "sean@sean-morris.com"
                }
            ],
            "time": "2016-01-31 00:33:00"
        }
    ],
    "packages-dev": [],
    "aliases": [],
    "minimum-stability": "stable",
    "stability-flags": {
        "seanmorris/rhino": 20
    },
    "prefer-stable": false,
    "prefer-lowest": false,
    "platform": [],
    "platform-dev": []
}
